{
  "name": "cravesaga",
  "lockfileVersion": 2,
  "requires": true,
  "packages": {
    "": {
      "name": "cravesaga",
      "devDependencies": {
        "nwjs-types": "^1.0.0"
      }
    },
    "node_modules/@types/node": {
      "version": "11.15.54",
      "resolved": "https://registry.npmjs.org/@types/node/-/node-11.15.54.tgz",
      "integrity": "sha512-1RWYiq+5UfozGsU6MwJyFX6BtktcT10XRjvcAQmskCtMcW3tPske88lM/nHv7BQG1w9KBXI1zPGuu5PnNCX14g==",
      "dev": true
    },
    "node_modules/nwjs-types": {
      "version": "1.0.0",
      "resolved": "https://registry.npmjs.org/nwjs-types/-/nwjs-types-1.0.0.tgz",
      "integrity": "sha512-lMOCPWuUIK5/g+3cPj/E1Z1dw+kjCpdT+7s9LqbY4AM9WMy76QOZ3Kk+c983GTKadkRrWazOKThhTUDgpl898A==",
      "dev": true,
      "dependencies": {
        "@types/node": "^11.11.3"
      }
    }
  },
  "dependencies": {
    "@types/node": {
      "version": "11.15.54",
      "resolved": "https://registry.npmjs.org/@types/node/-/node-11.15.54.tgz",
      "integrity": "sha512-1RWYiq+5UfozGsU6MwJyFX6BtktcT10XRjvcAQmskCtMcW3tPske88lM/nHv7BQG1w9KBXI1zPGuu5PnNCX14g==",
      "dev": true
    },
    "nwjs-types": {
      "version": "1.0.0",
      "resolved": "https://registry.npmjs.org/nwjs-types/-/nwjs-types-1.0.0.tgz",
      "integrity": "sha512-lMOCPWuUIK5/g+3cPj/E1Z1dw+kjCpdT+7s9LqbY4AM9WMy76QOZ3Kk+c983GTKadkRrWazOKThhTUDgpl898A==",
      "dev": true,
      "requires": {
        "@types/node": "^11.11.3"
      }
    }
  }
}
